
Microsoft Visual Studio Solution File, Format Version 12.00
# Visual Studio Version 16
VisualStudioVersion = 16.0.30907.101
MinimumVisualStudioVersion = 10.0.40219.1
Project("{FAE04EC0-301F-11D3-BF4B-00C04F79EFBC}") = "Ayase", "Ayase\Ayase.csproj", "{508058ED-5750-4FD6-A58C-EE90F5C18BA7}"
EndProject
Global
	GlobalSection(SolutionConfigurationPlatforms) = preSolution
		Debug|Any CPU = Debug|Any CPU
		Release|Any CPU = Release|Any CPU
	EndGlobalSection
	GlobalSection(ProjectConfigurationPlatforms) = postSolution
		{508058ED-5750-4FD6-A58C-EE90F5C18BA7}.Debug|Any CPU.ActiveCfg = Debug|Any CPU
		{508058ED-5750-4FD6-A58C-EE90F5C18BA7}.Debug|Any CPU.Build.0 = Debug|Any CPU
		{508058ED-5750-4FD6-A58C-EE90F5C18BA7}.Release|Any CPU.ActiveCfg = Release|Any CPU
		{508058ED-5750-4FD6-A58C-EE90F5C18BA7}.Release|Any CPU.Build.0 = Release|Any CPU
	EndGlobalSection
	GlobalSection(SolutionProperties) = preSolution
		HideSolutionNode = FALSE
	EndGlobalSection
	GlobalSection(ExtensibilityGlobals) = postSolution
		SolutionGuid = {3D6863C7-1DBA-42D1-B582-CC34A52E194F}
	EndGlobalSection
EndGlobal
